
Microsoft Visual Studio Solution File, Format Version 12.00
# Visual Studio Version 16
VisualStudioVersion = 16.0.31402.337
MinimumVisualStudioVersion = 10.0.40219.1
Project("{FAE04EC0-301F-11D3-BF4B-00C04F79EFBC}") = "Server", "Server.csproj", "{A00CDA0C-B9D8-496B-8949-FF55D134A1CF}"
EndProject
Global
	GlobalSection(SolutionConfigurationPlatforms) = preSolution
		Debug|Any CPU = Debug|Any CPU
		Release|Any CPU = Release|Any CPU
	EndGlobalSection
	GlobalSection(ProjectConfigurationPlatforms) = postSolution
		{A00CDA0C-B9D8-496B-8949-FF55D134A1CF}.Debug|Any CPU.ActiveCfg = Debug|Any CPU
		{A00CDA0C-B9D8-496B-8949-FF55D134A1CF}.Debug|Any CPU.Build.0 = Debug|Any CPU
		{A00CDA0C-B9D8-496B-8949-FF55D134A1CF}.Release|Any CPU.ActiveCfg = Release|Any CPU
		{A00CDA0C-B9D8-496B-8949-FF55D134A1CF}.Release|Any CPU.Build.0 = Release|Any CPU
	EndGlobalSection
	GlobalSection(SolutionProperties) = preSolution
		HideSolutionNode = FALSE
	EndGlobalSection
	GlobalSection(ExtensibilityGlobals) = postSolution
		SolutionGuid = {BC77F113-1F3D-493D-A9FD-07D9A283082C}
	EndGlobalSection
EndGlobal
